
Microsoft Visual Studio Solution File, Format Version 12.00
# Visual Studio Version 17
VisualStudioVersion = 17.6.33723.286
MinimumVisualStudioVersion = 10.0.40219.1
Project("{9A19103F-16F7-4668-BE54-9A1E7A4F7556}") = "DMSTest.Back", "DMSTest\DMSTest.Back.csproj", "{67522CBA-3D47-41B4-AC78-0D3502184701}"
EndProject
Project("{9A19103F-16F7-4668-BE54-9A1E7A4F7556}") = "DMSTest.BAL", "DMSTest.BAL\DMSTest.BAL.csproj", "{66641231-38F5-4333-824E-1E3147420630}"
EndProject
Project("{9A19103F-16F7-4668-BE54-9A1E7A4F7556}") = "DMSTest.DataAccess", "DMSTest.DataAccess\DMSTest.DataAccess.csproj", "{D0BF369E-AF0C-4025-B883-7BC318936105}"
EndProject
Project("{9A19103F-16F7-4668-BE54-9A1E7A4F7556}") = "DMSTest.DTO", "DMSTest.DTO\DMSTest.DTO.csproj", "{48E0F27C-A595-40EE-86E3-2D19630FB06E}"
EndProject
Project("{9A19103F-16F7-4668-BE54-9A1E7A4F7556}") = "DMSTest.Entity", "DMSTest.Entity\DMSTest.Entity.csproj", "{6B9A915A-9541-4670-BC51-FB68C958F641}"
EndProject
Global
	GlobalSection(SolutionConfigurationPlatforms) = preSolution
		Debug|Any CPU = Debug|Any CPU
		Release|Any CPU = Release|Any CPU
	EndGlobalSection
	GlobalSection(ProjectConfigurationPlatforms) = postSolution
		{67522CBA-3D47-41B4-AC78-0D3502184701}.Debug|Any CPU.ActiveCfg = Debug|Any CPU
		{67522CBA-3D47-41B4-AC78-0D3502184701}.Debug|Any CPU.Build.0 = Debug|Any CPU
		{67522CBA-3D47-41B4-AC78-0D3502184701}.Release|Any CPU.ActiveCfg = Release|Any CPU
		{67522CBA-3D47-41B4-AC78-0D3502184701}.Release|Any CPU.Build.0 = Release|Any CPU
		{66641231-38F5-4333-824E-1E3147420630}.Debug|Any CPU.ActiveCfg = Debug|Any CPU
		{66641231-38F5-4333-824E-1E3147420630}.Debug|Any CPU.Build.0 = Debug|Any CPU
		{66641231-38F5-4333-824E-1E3147420630}.Release|Any CPU.ActiveCfg = Release|Any CPU
		{66641231-38F5-4333-824E-1E3147420630}.Release|Any CPU.Build.0 = Release|Any CPU
		{D0BF369E-AF0C-4025-B883-7BC318936105}.Debug|Any CPU.ActiveCfg = Debug|Any CPU
		{D0BF369E-AF0C-4025-B883-7BC318936105}.Debug|Any CPU.Build.0 = Debug|Any CPU
		{D0BF369E-AF0C-4025-B883-7BC318936105}.Release|Any CPU.ActiveCfg = Release|Any CPU
		{D0BF369E-AF0C-4025-B883-7BC318936105}.Release|Any CPU.Build.0 = Release|Any CPU
		{48E0F27C-A595-40EE-86E3-2D19630FB06E}.Debug|Any CPU.ActiveCfg = Debug|Any CPU
		{48E0F27C-A595-40EE-86E3-2D19630FB06E}.Debug|Any CPU.Build.0 = Debug|Any CPU
		{48E0F27C-A595-40EE-86E3-2D19630FB06E}.Release|Any CPU.ActiveCfg = Release|Any CPU
		{48E0F27C-A595-40EE-86E3-2D19630FB06E}.Release|Any CPU.Build.0 = Release|Any CPU
		{6B9A915A-9541-4670-BC51-FB68C958F641}.Debug|Any CPU.ActiveCfg = Debug|Any CPU
		{6B9A915A-9541-4670-BC51-FB68C958F641}.Debug|Any CPU.Build.0 = Debug|Any CPU
		{6B9A915A-9541-4670-BC51-FB68C958F641}.Release|Any CPU.ActiveCfg = Release|Any CPU
		{6B9A915A-9541-4670-BC51-FB68C958F641}.Release|Any CPU.Build.0 = Release|Any CPU
	EndGlobalSection
	GlobalSection(SolutionProperties) = preSolution
		HideSolutionNode = FALSE
	EndGlobalSection
	GlobalSection(ExtensibilityGlobals) = postSolution
		SolutionGuid = {FAC35E8E-2D16-4E56-A70A-48993B200ECE}
	EndGlobalSection
EndGlobal
